
Microsoft Visual Studio Solution File, Format Version 12.00
Project("{FAE04EC0-301F-11D3-BF4B-00C04F79EFBC}") = "SheetMusicToPianoKeys", "SheetMusicToPianoKeys.csproj", "{DD457B25-028E-4F0B-AD93-C0C1752D8EB4}"
EndProject
Global
	GlobalSection(SolutionConfigurationPlatforms) = preSolution
		Debug|Any CPU = Debug|Any CPU
		Release|Any CPU = Release|Any CPU
	EndGlobalSection
	GlobalSection(ProjectConfigurationPlatforms) = postSolution
		{DD457B25-028E-4F0B-AD93-C0C1752D8EB4}.Debug|Any CPU.ActiveCfg = Debug|Any CPU
		{DD457B25-028E-4F0B-AD93-C0C1752D8EB4}.Debug|Any CPU.Build.0 = Debug|Any CPU
		{DD457B25-028E-4F0B-AD93-C0C1752D8EB4}.Release|Any CPU.ActiveCfg = Release|Any CPU
		{DD457B25-028E-4F0B-AD93-C0C1752D8EB4}.Release|Any CPU.Build.0 = Release|Any CPU
	EndGlobalSection
EndGlobal
